
Microsoft Visual Studio Solution File, Format Version 12.00
# Visual Studio Version 16
VisualStudioVersion = 16.0.31424.327
MinimumVisualStudioVersion = 10.0.40219.1
Project("{FAE04EC0-301F-11D3-BF4B-00C04F79EFBC}") = "Comida2", "Comida2\Comida2.csproj", "{8C05992F-6283-43AF-8C48-34F3E2C56330}"
EndProject
Global
	GlobalSection(SolutionConfigurationPlatforms) = preSolution
		Debug|Any CPU = Debug|Any CPU
		Release|Any CPU = Release|Any CPU
	EndGlobalSection
	GlobalSection(ProjectConfigurationPlatforms) = postSolution
		{8C05992F-6283-43AF-8C48-34F3E2C56330}.Debug|Any CPU.ActiveCfg = Debug|Any CPU
		{8C05992F-6283-43AF-8C48-34F3E2C56330}.Debug|Any CPU.Build.0 = Debug|Any CPU
		{8C05992F-6283-43AF-8C48-34F3E2C56330}.Release|Any CPU.ActiveCfg = Release|Any CPU
		{8C05992F-6283-43AF-8C48-34F3E2C56330}.Release|Any CPU.Build.0 = Release|Any CPU
	EndGlobalSection
	GlobalSection(SolutionProperties) = preSolution
		HideSolutionNode = FALSE
	EndGlobalSection
	GlobalSection(ExtensibilityGlobals) = postSolution
		SolutionGuid = {E99403FA-293E-45D2-B4E5-8432CC93C9E9}
	EndGlobalSection
EndGlobal
